
Microsoft Visual Studio Solution File, Format Version 12.00
# Visual Studio Version 17
VisualStudioVersion = 17.3.32901.215
MinimumVisualStudioVersion = 10.0.40219.1
Project("{9092AA53-FB77-4645-B42D-1CCCA6BD08BD}") = "file_website", "file_website.njsproj", "{3B8FB5AE-0117-4A19-A53B-C575DD053613}"
EndProject
Global
	GlobalSection(SolutionConfigurationPlatforms) = preSolution
		Debug|Any CPU = Debug|Any CPU
		Release|Any CPU = Release|Any CPU
	EndGlobalSection
	GlobalSection(ProjectConfigurationPlatforms) = postSolution
		{3B8FB5AE-0117-4A19-A53B-C575DD053613}.Debug|Any CPU.ActiveCfg = Debug|Any CPU
		{3B8FB5AE-0117-4A19-A53B-C575DD053613}.Debug|Any CPU.Build.0 = Debug|Any CPU
		{3B8FB5AE-0117-4A19-A53B-C575DD053613}.Release|Any CPU.ActiveCfg = Release|Any CPU
		{3B8FB5AE-0117-4A19-A53B-C575DD053613}.Release|Any CPU.Build.0 = Release|Any CPU
	EndGlobalSection
	GlobalSection(SolutionProperties) = preSolution
		HideSolutionNode = FALSE
	EndGlobalSection
	GlobalSection(ExtensibilityGlobals) = postSolution
		SolutionGuid = {ECF07EFE-6181-4F37-A008-CA0F00B7178D}
	EndGlobalSection
EndGlobal
